
Microsoft Visual Studio Solution File, Format Version 12.00
# Visual Studio Version 17
VisualStudioVersion = 17.4.33205.214
MinimumVisualStudioVersion = 10.0.40219.1
Project("{9A19103F-16F7-4668-BE54-9A1E7A4F7556}") = "RTOG.App", "RTOG.App\RTOG.App.csproj", "{C81D1E1D-99C8-45D9-86AD-EA3C343BD2FE}"
EndProject
Project("{FAE04EC0-301F-11D3-BF4B-00C04F79EFBC}") = "RTOG.Data", "RTOG.Data\RTOG.Data.csproj", "{75804631-007C-49A5-888B-CF630293F01A}"
EndProject
Project("{FAE04EC0-301F-11D3-BF4B-00C04F79EFBC}") = "RTOG.Business", "RTOG.Business\RTOG.Business.csproj", "{A63826A3-269C-42F7-9B0B-3DD52E31B550}"
EndProject
Global
	GlobalSection(SolutionConfigurationPlatforms) = preSolution
		Debug|Any CPU = Debug|Any CPU
		Release|Any CPU = Release|Any CPU
	EndGlobalSection
	GlobalSection(ProjectConfigurationPlatforms) = postSolution
		{C81D1E1D-99C8-45D9-86AD-EA3C343BD2FE}.Debug|Any CPU.ActiveCfg = Debug|Any CPU
		{C81D1E1D-99C8-45D9-86AD-EA3C343BD2FE}.Debug|Any CPU.Build.0 = Debug|Any CPU
		{C81D1E1D-99C8-45D9-86AD-EA3C343BD2FE}.Release|Any CPU.ActiveCfg = Release|Any CPU
		{C81D1E1D-99C8-45D9-86AD-EA3C343BD2FE}.Release|Any CPU.Build.0 = Release|Any CPU
		{75804631-007C-49A5-888B-CF630293F01A}.Debug|Any CPU.ActiveCfg = Debug|Any CPU
		{75804631-007C-49A5-888B-CF630293F01A}.Debug|Any CPU.Build.0 = Debug|Any CPU
		{75804631-007C-49A5-888B-CF630293F01A}.Release|Any CPU.ActiveCfg = Release|Any CPU
		{75804631-007C-49A5-888B-CF630293F01A}.Release|Any CPU.Build.0 = Release|Any CPU
		{A63826A3-269C-42F7-9B0B-3DD52E31B550}.Debug|Any CPU.ActiveCfg = Debug|Any CPU
		{A63826A3-269C-42F7-9B0B-3DD52E31B550}.Debug|Any CPU.Build.0 = Debug|Any CPU
		{A63826A3-269C-42F7-9B0B-3DD52E31B550}.Release|Any CPU.ActiveCfg = Release|Any CPU
		{A63826A3-269C-42F7-9B0B-3DD52E31B550}.Release|Any CPU.Build.0 = Release|Any CPU
	EndGlobalSection
	GlobalSection(SolutionProperties) = preSolution
		HideSolutionNode = FALSE
	EndGlobalSection
	GlobalSection(ExtensibilityGlobals) = postSolution
		SolutionGuid = {3CF33AE9-F8F6-499D-9306-6F6A86FF7B8D}
	EndGlobalSection
EndGlobal
